// !$*UTF8*$!
{
	archiveVersion = 1;
	classes = {
	};
	objectVersion = 46;
	objects = {

/* Begin PBXBuildFile section */
		A4117DAB1E4432E800A4C496 /* TestViewController.swift in Sources */ = {isa = PBXBuildFile; fileRef = A4117DAA1E4432E800A4C496 /* TestViewController.swift */; };
		A41BB4651E8851DE00686DAA /* HelpVC.swift in Sources */ = {isa = PBXBuildFile; fileRef = A41BB4641E8851DE00686DAA /* HelpVC.swift */; };
		A41BB4681E88543700686DAA /* index.html in Resources */ = {isa = PBXBuildFile; fileRef = A41BB4671E88543700686DAA /* index.html */; };
		A41BB46A1E89963F00686DAA /* WheelsOnTheBus.mp3 in Resources */ = {isa = PBXBuildFile; fileRef = A41BB4691E89963F00686DAA /* WheelsOnTheBus.mp3 */; };
		A41BB46C1E899BCB00686DAA /* TwinkleTwinkleLittleStar.mp3 in Resources */ = {isa = PBXBuildFile; fileRef = A41BB46B1E899BCB00686DAA /* TwinkleTwinkleLittleStar.mp3 */; };
		A41BB46E1E899DE800686DAA /* BINGO.mp3 in Resources */ = {isa = PBXBuildFile; fileRef = A41BB46D1E899DE800686DAA /* BINGO.mp3 */; };
		A41BB4701E89A55700686DAA /* AlphabetSong.mp3 in Resources */ = {isa = PBXBuildFile; fileRef = A41BB46F1E89A55700686DAA /* AlphabetSong.mp3 */; };
		A44544641E3BB292005A22FC /* AppDelegate.swift in Sources */ = {isa = PBXBuildFile; fileRef = A44544631E3BB292005A22FC /* AppDelegate.swift */; };
		A44544661E3BB292005A22FC /* ViewController.swift in Sources */ = {isa = PBXBuildFile; fileRef = A44544651E3BB292005A22FC /* ViewController.swift */; };
		A44544691E3BB292005A22FC /* Main.storyboard in Resources */ = {isa = PBXBuildFile; fileRef = A44544671E3BB292005A22FC /* Main.storyboard */; };
		A445446B1E3BB292005A22FC /* Assets.xcassets in Resources */ = {isa = PBXBuildFile; fileRef = A445446A1E3BB292005A22FC /* Assets.xcassets */; };
		A445446E1E3BB292005A22FC /* LaunchScreen.storyboard in Resources */ = {isa = PBXBuildFile; fileRef = A445446C1E3BB292005A22FC /* LaunchScreen.storyboard */; };
		A44544771E3BB2E1005A22FC /* AVFoundation.framework in Frameworks */ = {isa = PBXBuildFile; fileRef = A44544761E3BB2E1005A22FC /* AVFoundation.framework */; };
		A445447D1E3D18CA005A22FC /* MusicItemVC.swift in Sources */ = {isa = PBXBuildFile; fileRef = A445447C1E3D18CA005A22FC /* MusicItemVC.swift */; };
		A445447F1E3D2EB9005A22FC /* MusicItem.swift in Sources */ = {isa = PBXBuildFile; fileRef = A445447E1E3D2EB9005A22FC /* MusicItem.swift */; };
		A47DCCD71E64AE5F0054308E /* Common.swift in Sources */ = {isa = PBXBuildFile; fileRef = A47DCCD61E64AE5F0054308E /* Common.swift */; };
		A47DCCD91E675B570054308E /* PhotoAsset.swift in Sources */ = {isa = PBXBuildFile; fileRef = A47DCCD81E675B570054308E /* PhotoAsset.swift */; };
		A4A9A8BE1E3E92C100240F8C /* MusicItemTableViewCell.swift in Sources */ = {isa = PBXBuildFile; fileRef = A4A9A8BD1E3E92C100240F8C /* MusicItemTableViewCell.swift */; };
		A4A9A8C01E3FF56000240F8C /* ImageCollectionViewCell.swift in Sources */ = {isa = PBXBuildFile; fileRef = A4A9A8BF1E3FF56000240F8C /* ImageCollectionViewCell.swift */; };
		A4A9A8C21E3FFA8B00240F8C /* MusicItemsCollectionVC.swift in Sources */ = {isa = PBXBuildFile; fileRef = A4A9A8C11E3FFA8B00240F8C /* MusicItemsCollectionVC.swift */; };
		A4A9A8C41E40011100240F8C /* CVLayout.swift in Sources */ = {isa = PBXBuildFile; fileRef = A4A9A8C31E40011100240F8C /* CVLayout.swift */; };
		A4A9A8C81E425B5200240F8C /* MusicItemCollectionViewCell.swift in Sources */ = {isa = PBXBuildFile; fileRef = A4A9A8C71E425B5200240F8C /* MusicItemCollectionViewCell.swift */; };
		A4B99C9D1E4CF6BC004E4B99 /* ItsyBitsySpider.mp3 in Resources */ = {isa = PBXBuildFile; fileRef = A4B99C9C1E4CF6BC004E4B99 /* ItsyBitsySpider.mp3 */; };
		A4B99C9F1E4CF701004E4B99 /* FreresJacques.mp3 in Resources */ = {isa = PBXBuildFile; fileRef = A4B99C9E1E4CF701004E4B99 /* FreresJacques.mp3 */; };
		A4B99CA31E527E6B004E4B99 /* PlayerViewController.swift in Sources */ = {isa = PBXBuildFile; fileRef = A4B99CA21E527E6B004E4B99 /* PlayerViewController.swift */; };
		A4B99CA51E5552FF004E4B99 /* CVDataSource.swift in Sources */ = {isa = PBXBuildFile; fileRef = A4B99CA41E5552FF004E4B99 /* CVDataSource.swift */; };
		A4B99CA71E57EB9C004E4B99 /* CoreData.framework in Frameworks */ = {isa = PBXBuildFile; fileRef = A4B99CA61E57EB9C004E4B99 /* CoreData.framework */; };
		A4B99CAA1E57ECAF004E4B99 /* ToddlersMusicBoxPlayer.xcdatamodeld in Sources */ = {isa = PBXBuildFile; fileRef = A4B99CA81E57ECAF004E4B99 /* ToddlersMusicBoxPlayer.xcdatamodeld */; };
		A4B99CCD1E5A424A004E4B99 /* MusicItemExtension.swift in Sources */ = {isa = PBXBuildFile; fileRef = A4B99CCC1E5A424A004E4B99 /* MusicItemExtension.swift */; };
		B4031EA267B504C10A796C45 /* Pods_Music_Box_Player.framework in Frameworks */ = {isa = PBXBuildFile; fileRef = C9A48F62FE65E57659814910 /* Pods_Music_Box_Player.framework */; };
/* End PBXBuildFile section */

/* Begin PBXFileReference section */
		A4117DAA1E4432E800A4C496 /* TestViewController.swift */ = {isa = PBXFileReference; fileEncoding = 4; lastKnownFileType = sourcecode.swift; path = TestViewController.swift; sourceTree = "<group>"; };
		A41BB4641E8851DE00686DAA /* HelpVC.swift */ = {isa = PBXFileReference; fileEncoding = 4; lastKnownFileType = sourcecode.swift; path = HelpVC.swift; sourceTree = "<group>"; };
		A41BB4671E88543700686DAA /* index.html */ = {isa = PBXFileReference; fileEncoding = 4; lastKnownFileType = text.html; path = index.html; sourceTree = "<group>"; };
		A41BB4691E89963F00686DAA /* WheelsOnTheBus.mp3 */ = {isa = PBXFileReference; lastKnownFileType = audio.mp3; path = WheelsOnTheBus.mp3; sourceTree = "<group>"; };
		A41BB46B1E899BCB00686DAA /* TwinkleTwinkleLittleStar.mp3 */ = {isa = PBXFileReference; lastKnownFileType = audio.mp3; path = TwinkleTwinkleLittleStar.mp3; sourceTree = "<group>"; };
		A41BB46D1E899DE800686DAA /* BINGO.mp3 */ = {isa = PBXFileReference; lastKnownFileType = audio.mp3; path = BINGO.mp3; sourceTree = "<group>"; };
		A41BB46F1E89A55700686DAA /* AlphabetSong.mp3 */ = {isa = PBXFileReference; lastKnownFileType = audio.mp3; path = AlphabetSong.mp3; sourceTree = "<group>"; };
		A44544601E3BB292005A22FC /* Music Box Player.app */ = {isa = PBXFileReference; explicitFileType = wrapper.application; includeInIndex = 0; path = "Music Box Player.app"; sourceTree = BUILT_PRODUCTS_DIR; };
		A44544631E3BB292005A22FC /* AppDelegate.swift */ = {isa = PBXFileReference; lastKnownFileType = sourcecode.swift; path = AppDelegate.swift; sourceTree = "<group>"; };
		A44544651E3BB292005A22FC /* ViewController.swift */ = {isa = PBXFileReference; lastKnownFileType = sourcecode.swift; path = ViewController.swift; sourceTree = "<group>"; };
		A44544681E3BB292005A22FC /* Base */ = {isa = PBXFileReference; lastKnownFileType = file.storyboard; name = Base; path = Base.lproj/Main.storyboard; sourceTree = "<group>"; };
		A445446A1E3BB292005A22FC /* Assets.xcassets */ = {isa = PBXFileReference; lastKnownFileType = folder.assetcatalog; path = Assets.xcassets; sourceTree = "<group>"; };
		A445446D1E3BB292005A22FC /* Base */ = {isa = PBXFileReference; lastKnownFileType = file.storyboard; name = Base; path = Base.lproj/LaunchScreen.storyboard; sourceTree = "<group>"; };
		A445446F1E3BB292005A22FC /* Info.plist */ = {isa = PBXFileReference; lastKnownFileType = text.plist.xml; path = Info.plist; sourceTree = "<group>"; };
		A44544761E3BB2E1005A22FC /* AVFoundation.framework */ = {isa = PBXFileReference; lastKnownFileType = wrapper.framework; name = AVFoundation.framework; path = System/Library/Frameworks/AVFoundation.framework; sourceTree = SDKROOT; };
		A445447C1E3D18CA005A22FC /* MusicItemVC.swift */ = {isa = PBXFileReference; fileEncoding = 4; lastKnownFileType = sourcecode.swift; path = MusicItemVC.swift; sourceTree = "<group>"; };
		A445447E1E3D2EB9005A22FC /* MusicItem.swift */ = {isa = PBXFileReference; fileEncoding = 4; lastKnownFileType = sourcecode.swift; path = MusicItem.swift; sourceTree = "<group>"; };
		A47DCCD61E64AE5F0054308E /* Common.swift */ = {isa = PBXFileReference; fileEncoding = 4; lastKnownFileType = sourcecode.swift; path = Common.swift; sourceTree = "<group>"; };
		A47DCCD81E675B570054308E /* PhotoAsset.swift */ = {isa = PBXFileReference; fileEncoding = 4; lastKnownFileType = sourcecode.swift; path = PhotoAsset.swift; sourceTree = "<group>"; };
		A4A9A8BD1E3E92C100240F8C /* MusicItemTableViewCell.swift */ = {isa = PBXFileReference; fileEncoding = 4; lastKnownFileType = sourcecode.swift; path = MusicItemTableViewCell.swift; sourceTree = "<group>"; };
		A4A9A8BF1E3FF56000240F8C /* ImageCollectionViewCell.swift */ = {isa = PBXFileReference; fileEncoding = 4; lastKnownFileType = sourcecode.swift; path = ImageCollectionViewCell.swift; sourceTree = "<group>"; };
		A4A9A8C11E3FFA8B00240F8C /* MusicItemsCollectionVC.swift */ = {isa = PBXFileReference; fileEncoding = 4; lastKnownFileType = sourcecode.swift; path = MusicItemsCollectionVC.swift; sourceTree = "<group>"; };
		A4A9A8C31E40011100240F8C /* CVLayout.swift */ = {isa = PBXFileReference; fileEncoding = 4; lastKnownFileType = sourcecode.swift; path = CVLayout.swift; sourceTree = "<group>"; };
		A4A9A8C71E425B5200240F8C /* MusicItemCollectionViewCell.swift */ = {isa = PBXFileReference; fileEncoding = 4; lastKnownFileType = sourcecode.swift; path = MusicItemCollectionViewCell.swift; sourceTree = "<group>"; };
		A4B99C9C1E4CF6BC004E4B99 /* ItsyBitsySpider.mp3 */ = {isa = PBXFileReference; lastKnownFileType = audio.mp3; path = ItsyBitsySpider.mp3; sourceTree = "<group>"; };
		A4B99C9E1E4CF701004E4B99 /* FreresJacques.mp3 */ = {isa = PBXFileReference; lastKnownFileType = audio.mp3; path = FreresJacques.mp3; sourceTree = "<group>"; };
		A4B99CA21E527E6B004E4B99 /* PlayerViewController.swift */ = {isa = PBXFileReference; fileEncoding = 4; lastKnownFileType = sourcecode.swift; path = PlayerViewController.swift; sourceTree = "<group>"; };
		A4B99CA41E5552FF004E4B99 /* CVDataSource.swift */ = {isa = PBXFileReference; fileEncoding = 4; lastKnownFileType = sourcecode.swift; path = CVDataSource.swift; sourceTree = "<group>"; };
		A4B99CA61E57EB9C004E4B99 /* CoreData.framework */ = {isa = PBXFileReference; lastKnownFileType = wrapper.framework; name = CoreData.framework; path = System/Library/Frameworks/CoreData.framework; sourceTree = SDKROOT; };
		A4B99CA91E57ECAF004E4B99 /* ToddlersMusicBoxPlayer.xcdatamodel */ = {isa = PBXFileReference; lastKnownFileType = wrapper.xcdatamodel; path = ToddlersMusicBoxPlayer.xcdatamodel; sourceTree = "<group>"; };
		A4B99CCC1E5A424A004E4B99 /* MusicItemExtension.swift */ = {isa = PBXFileReference; fileEncoding = 4; lastKnownFileType = sourcecode.swift; path = MusicItemExtension.swift; sourceTree = "<group>"; };
		C9A48F62FE65E57659814910 /* Pods_Music_Box_Player.framework */ = {isa = PBXFileReference; explicitFileType = wrapper.framework; includeInIndex = 0; path = Pods_Music_Box_Player.framework; sourceTree = BUILT_PRODUCTS_DIR; };
		CAE3B203BAB12F81C9545713 /* Pods-Music Box Player.debug.xcconfig */ = {isa = PBXFileReference; includeInIndex = 1; lastKnownFileType = text.xcconfig; name = "Pods-Music Box Player.debug.xcconfig"; path = "Pods/Target Support Files/Pods-Music Box Player/Pods-Music Box Player.debug.xcconfig"; sourceTree = "<group>"; };
		DB6FAFBF7F9B78EB3975192C /* Pods-Music Box Player.release.xcconfig */ = {isa = PBXFileReference; includeInIndex = 1; lastKnownFileType = text.xcconfig; name = "Pods-Music Box Player.release.xcconfig"; path = "Pods/Target Support Files/Pods-Music Box Player/Pods-Music Box Player.release.xcconfig"; sourceTree = "<group>"; };
/* End PBXFileReference section */

/* Begin PBXFrameworksBuildPhase section */
		A445445D1E3BB292005A22FC /* Frameworks */ = {
			isa = PBXFrameworksBuildPhase;
			buildActionMask = 2147483647;
			files = (
				A4B99CA71E57EB9C004E4B99 /* CoreData.framework in Frameworks */,
				A44544771E3BB2E1005A22FC /* AVFoundation.framework in Frameworks */,
				B4031EA267B504C10A796C45 /* Pods_Music_Box_Player.framework in Frameworks */,
			);
			runOnlyForDeploymentPostprocessing = 0;
		};
/* End PBXFrameworksBuildPhase section */

/* Begin PBXGroup section */
		9E768F02B504CF89E67537BE /* Pods */ = {
			isa = PBXGroup;
			children = (
				CAE3B203BAB12F81C9545713 /* Pods-Music Box Player.debug.xcconfig */,
				DB6FAFBF7F9B78EB3975192C /* Pods-Music Box Player.release.xcconfig */,
			);
			name = Pods;
			sourceTree = "<group>";
		};
		A41BB4661E8852F600686DAA /* help */ = {
			isa = PBXGroup;
			children = (
				A41BB4671E88543700686DAA /* index.html */,
			);
			name = help;
			sourceTree = "<group>";
		};
		A44544571E3BB292005A22FC = {
			isa = PBXGroup;
			children = (
				A44544621E3BB292005A22FC /* ToddlersMusicBoxPlayer */,
				A44544611E3BB292005A22FC /* Products */,
				A44544751E3BB2E1005A22FC /* Frameworks */,
				9E768F02B504CF89E67537BE /* Pods */,
			);
			sourceTree = "<group>";
		};
		A44544611E3BB292005A22FC /* Products */ = {
			isa = PBXGroup;
			children = (
				A44544601E3BB292005A22FC /* Music Box Player.app */,
			);
			name = Products;
			sourceTree = "<group>";
		};
		A44544621E3BB292005A22FC /* ToddlersMusicBoxPlayer */ = {
			isa = PBXGroup;
			children = (
				A41BB4661E8852F600686DAA /* help */,
				A4B99C991E48F400004E4B99 /* Model */,
				A4B99C981E48F3CF004E4B99 /* Layout */,
				A4B99C971E48F3AC004E4B99 /* sounds */,
				A4B99C961E48F389004E4B99 /* Player */,
				A44544631E3BB292005A22FC /* AppDelegate.swift */,
				A445447C1E3D18CA005A22FC /* MusicItemVC.swift */,
				A4A9A8C11E3FFA8B00240F8C /* MusicItemsCollectionVC.swift */,
				A44544671E3BB292005A22FC /* Main.storyboard */,
				A4117DAA1E4432E800A4C496 /* TestViewController.swift */,
				A445446A1E3BB292005A22FC /* Assets.xcassets */,
				A445446C1E3BB292005A22FC /* LaunchScreen.storyboard */,
				A445446F1E3BB292005A22FC /* Info.plist */,
				A4B99CA81E57ECAF004E4B99 /* ToddlersMusicBoxPlayer.xcdatamodeld */,
				A47DCCD61E64AE5F0054308E /* Common.swift */,
				A41BB4641E8851DE00686DAA /* HelpVC.swift */,
			);
			path = ToddlersMusicBoxPlayer;
			sourceTree = "<group>";
		};
		A44544751E3BB2E1005A22FC /* Frameworks */ = {
			isa = PBXGroup;
			children = (
				A4B99CA61E57EB9C004E4B99 /* CoreData.framework */,
				A44544761E3BB2E1005A22FC /* AVFoundation.framework */,
				C9A48F62FE65E57659814910 /* Pods_Music_Box_Player.framework */,
			);
			name = Frameworks;
			sourceTree = "<group>";
		};
		A4B99C961E48F389004E4B99 /* Player */ = {
			isa = PBXGroup;
			children = (
				A4B99CA21E527E6B004E4B99 /* PlayerViewController.swift */,
				A44544651E3BB292005A22FC /* ViewController.swift */,
			);
			name = Player;
			sourceTree = "<group>";
		};
		A4B99C971E48F3AC004E4B99 /* sounds */ = {
			isa = PBXGroup;
			children = (
				A41BB46F1E89A55700686DAA /* AlphabetSong.mp3 */,
				A4B99C9E1E4CF701004E4B99 /* FreresJacques.mp3 */,
				A4B99C9C1E4CF6BC004E4B99 /* ItsyBitsySpider.mp3 */,
				A41BB4691E89963F00686DAA /* WheelsOnTheBus.mp3 */,
				A41BB46B1E899BCB00686DAA /* TwinkleTwinkleLittleStar.mp3 */,
				A41BB46D1E899DE800686DAA /* BINGO.mp3 */,
			);
			name = sounds;
			sourceTree = "<group>";
		};
		A4B99C981E48F3CF004E4B99 /* Layout */ = {
			isa = PBXGroup;
			children = (
				A4A9A8BF1E3FF56000240F8C /* ImageCollectionViewCell.swift */,
				A4A9A8C31E40011100240F8C /* CVLayout.swift */,
				A4A9A8BD1E3E92C100240F8C /* MusicItemTableViewCell.swift */,
				A4A9A8C71E425B5200240F8C /* MusicItemCollectionViewCell.swift */,
			);
			name = Layout;
			sourceTree = "<group>";
		};
		A4B99C991E48F400004E4B99 /* Model */ = {
			isa = PBXGroup;
			children = (
				A445447E1E3D2EB9005A22FC /* MusicItem.swift */,
				A4B99CA41E5552FF004E4B99 /* CVDataSource.swift */,
				A4B99CCC1E5A424A004E4B99 /* MusicItemExtension.swift */,
				A47DCCD81E675B570054308E /* PhotoAsset.swift */,
			);
			name = Model;
			sourceTree = "<group>";
		};
/* End PBXGroup section */

/* Begin PBXNativeTarget section */
		A445445F1E3BB292005A22FC /* Music Box Player */ = {
			isa = PBXNativeTarget;
			buildConfigurationList = A44544721E3BB292005A22FC /* Build configuration list for PBXNativeTarget "Music Box Player" */;
			buildPhases = (
				EB832E786984ABCB3E7E5A74 /* [CP] Check Pods Manifest.lock */,
				A445445C1E3BB292005A22FC /* Sources */,
				A445445D1E3BB292005A22FC /* Frameworks */,
				A445445E1E3BB292005A22FC /* Resources */,
				A413B02F1E8453DD00D6A162 /* ShellScript */,
				4A33E63F5573983CEEB6C519 /* [CP] Embed Pods Frameworks */,
				203EE346987D7C78451B8F22 /* [CP] Copy Pods Resources */,
			);
			buildRules = (
			);
			dependencies = (
			);
			name = "Music Box Player";
			productName = ToddlersMusicBoxPlayer;
			productReference = A44544601E3BB292005A22FC /* Music Box Player.app */;
			productType = "com.apple.product-type.application";
		};
/* End PBXNativeTarget section */

/* Begin PBXProject section */
		A44544581E3BB292005A22FC /* Project object */ = {
			isa = PBXProject;
			attributes = {
				LastSwiftUpdateCheck = 0810;
				LastUpgradeCheck = 0810;
				ORGANIZATIONNAME = "Elena Rubilova";
				TargetAttributes = {
					A445445F1E3BB292005A22FC = {
						CreatedOnToolsVersion = 8.1;
						DevelopmentTeam = 8U3P4UT4QD;
						ProvisioningStyle = Automatic;
					};
				};
			};
			buildConfigurationList = A445445B1E3BB292005A22FC /* Build configuration list for PBXProject "Music Box Player" */;
			compatibilityVersion = "Xcode 3.2";
			developmentRegion = English;
			hasScannedForEncodings = 0;
			knownRegions = (
				en,
				Base,
			);
			mainGroup = A44544571E3BB292005A22FC;
			productRefGroup = A44544611E3BB292005A22FC /* Products */;
			projectDirPath = "";
			projectRoot = "";
			targets = (
				A445445F1E3BB292005A22FC /* Music Box Player */,
			);
		};
/* End PBXProject section */

/* Begin PBXResourcesBuildPhase section */
		A445445E1E3BB292005A22FC /* Resources */ = {
			isa = PBXResourcesBuildPhase;
			buildActionMask = 2147483647;
			files = (
				A445446E1E3BB292005A22FC /* LaunchScreen.storyboard in Resources */,
				A4B99C9D1E4CF6BC004E4B99 /* ItsyBitsySpider.mp3 in Resources */,
				A41BB46A1E89963F00686DAA /* WheelsOnTheBus.mp3 in Resources */,
				A445446B1E3BB292005A22FC /* Assets.xcassets in Resources */,
				A41BB4681E88543700686DAA /* index.html in Resources */,
				A41BB46E1E899DE800686DAA /* BINGO.mp3 in Resources */,
				A41BB4701E89A55700686DAA /* AlphabetSong.mp3 in Resources */,
				A4B99C9F1E4CF701004E4B99 /* FreresJacques.mp3 in Resources */,
				A41BB46C1E899BCB00686DAA /* TwinkleTwinkleLittleStar.mp3 in Resources */,
				A44544691E3BB292005A22FC /* Main.storyboard in Resources */,
			);
			runOnlyForDeploymentPostprocessing = 0;
		};
/* End PBXResourcesBuildPhase section */

/* Begin PBXShellScriptBuildPhase section */
		203EE346987D7C78451B8F22 /* [CP] Copy Pods Resources */ = {
			isa = PBXShellScriptBuildPhase;
			buildActionMask = 2147483647;
			files = (
			);
			inputPaths = (
			);
			name = "[CP] Copy Pods Resources";
			outputPaths = (
			);
			runOnlyForDeploymentPostprocessing = 0;
			shellPath = /bin/sh;
			shellScript = "\"${SRCROOT}/Pods/Target Support Files/Pods-Music Box Player/Pods-Music Box Player-resources.sh\"\n";
			showEnvVarsInLog = 0;
		};
		4A33E63F5573983CEEB6C519 /* [CP] Embed Pods Frameworks */ = {
			isa = PBXShellScriptBuildPhase;
			buildActionMask = 2147483647;
			files = (
			);
			inputPaths = (
			);
			name = "[CP] Embed Pods Frameworks";
			outputPaths = (
			);
			runOnlyForDeploymentPostprocessing = 0;
			shellPath = /bin/sh;
			shellScript = "\"${SRCROOT}/Pods/Target Support Files/Pods-Music Box Player/Pods-Music Box Player-frameworks.sh\"\n";
			showEnvVarsInLog = 0;
		};
		A413B02F1E8453DD00D6A162 /* ShellScript */ = {
			isa = PBXShellScriptBuildPhase;
			buildActionMask = 2147483647;
			files = (
			);
			inputPaths = (
			);
			outputPaths = (
			);
			runOnlyForDeploymentPostprocessing = 0;
			shellPath = /bin/sh;
			shellScript = "./Fabric.framework/run d43edcac9274f4f434dceeca40f411ce5b742012 20944df8035e39afde48e19bf56072a56cce6edea0aa4057c44c7b193feb760d";
		};
		EB832E786984ABCB3E7E5A74 /* [CP] Check Pods Manifest.lock */ = {
			isa = PBXShellScriptBuildPhase;
			buildActionMask = 2147483647;
			files = (
			);
			inputPaths = (
			);
			name = "[CP] Check Pods Manifest.lock";
			outputPaths = (
			);
			runOnlyForDeploymentPostprocessing = 0;
			shellPath = /bin/sh;
			shellScript = "diff \"${PODS_ROOT}/../Podfile.lock\" \"${PODS_ROOT}/Manifest.lock\" > /dev/null\nif [ $? != 0 ] ; then\n    # print error to STDERR\n    echo \"error: The sandbox is not in sync with the Podfile.lock. Run 'pod install' or update your CocoaPods installation.\" >&2\n    exit 1\nfi\n";
			showEnvVarsInLog = 0;
		};
/* End PBXShellScriptBuildPhase section */

/* Begin PBXSourcesBuildPhase section */
		A445445C1E3BB292005A22FC /* Sources */ = {
			isa = PBXSourcesBuildPhase;
			buildActionMask = 2147483647;
			files = (
				A4A9A8C01E3FF56000240F8C /* ImageCollectionViewCell.swift in Sources */,
				A4B99CCD1E5A424A004E4B99 /* MusicItemExtension.swift in Sources */,
				A4117DAB1E4432E800A4C496 /* TestViewController.swift in Sources */,
				A4A9A8C21E3FFA8B00240F8C /* MusicItemsCollectionVC.swift in Sources */,
				A4A9A8C81E425B5200240F8C /* MusicItemCollectionViewCell.swift in Sources */,
				A47DCCD91E675B570054308E /* PhotoAsset.swift in Sources */,
				A4B99CA31E527E6B004E4B99 /* PlayerViewController.swift in Sources */,
				A4A9A8C41E40011100240F8C /* CVLayout.swift in Sources */,
				A44544661E3BB292005A22FC /* ViewController.swift in Sources */,
				A445447D1E3D18CA005A22FC /* MusicItemVC.swift in Sources */,
				A445447F1E3D2EB9005A22FC /* MusicItem.swift in Sources */,
				A44544641E3BB292005A22FC /* AppDelegate.swift in Sources */,
				A41BB4651E8851DE00686DAA /* HelpVC.swift in Sources */,
				A4B99CA51E5552FF004E4B99 /* CVDataSource.swift in Sources */,
				A4A9A8BE1E3E92C100240F8C /* MusicItemTableViewCell.swift in Sources */,
				A47DCCD71E64AE5F0054308E /* Common.swift in Sources */,
				A4B99CAA1E57ECAF004E4B99 /* ToddlersMusicBoxPlayer.xcdatamodeld in Sources */,
			);
			runOnlyForDeploymentPostprocessing = 0;
		};
/* End PBXSourcesBuildPhase section */

/* Begin PBXVariantGroup section */
		A44544671E3BB292005A22FC /* Main.storyboard */ = {
			isa = PBXVariantGroup;
			children = (
				A44544681E3BB292005A22FC /* Base */,
			);
			name = Main.storyboard;
			sourceTree = "<group>";
		};
		A445446C1E3BB292005A22FC /* LaunchScreen.storyboard */ = {
			isa = PBXVariantGroup;
			children = (
				A445446D1E3BB292005A22FC /* Base */,
			);
			name = LaunchScreen.storyboard;
			sourceTree = "<group>";
		};
/* End PBXVariantGroup section */

/* Begin XCBuildConfiguration section */
		A44544701E3BB292005A22FC /* Debug */ = {
			isa = XCBuildConfiguration;
			buildSettings = {
				ALWAYS_SEARCH_USER_PATHS = NO;
				CLANG_ANALYZER_NONNULL = YES;
				CLANG_CXX_LANGUAGE_STANDARD = "gnu++0x";
				CLANG_CXX_LIBRARY = "libc++";
				CLANG_ENABLE_MODULES = YES;
				CLANG_ENABLE_OBJC_ARC = YES;
				CLANG_WARN_BOOL_CONVERSION = YES;
				CLANG_WARN_CONSTANT_CONVERSION = YES;
				CLANG_WARN_DIRECT_OBJC_ISA_USAGE = YES_ERROR;
				CLANG_WARN_DOCUMENTATION_COMMENTS = YES;
				CLANG_WARN_EMPTY_BODY = YES;
				CLANG_WARN_ENUM_CONVERSION = YES;
				CLANG_WARN_INFINITE_RECURSION = YES;
				CLANG_WARN_INT_CONVERSION = YES;
				CLANG_WARN_OBJC_ROOT_CLASS = YES_ERROR;
				CLANG_WARN_SUSPICIOUS_MOVE = YES;
				CLANG_WARN_SUSPICIOUS_MOVES = YES;
				CLANG_WARN_UNREACHABLE_CODE = YES;
				CLANG_WARN__DUPLICATE_METHOD_MATCH = YES;
				CODE_SIGN_IDENTITY = "iPhone Developer: Elena Rubilova (W2532E45J8)";
				"CODE_SIGN_IDENTITY[sdk=iphoneos*]" = "iPhone Developer: Elena Rubilova (W2532E45J8)";
				COPY_PHASE_STRIP = NO;
				DEBUG_INFORMATION_FORMAT = dwarf;
				ENABLE_STRICT_OBJC_MSGSEND = YES;
				ENABLE_TESTABILITY = YES;
				GCC_C_LANGUAGE_STANDARD = gnu99;
				GCC_DYNAMIC_NO_PIC = NO;
				GCC_NO_COMMON_BLOCKS = YES;
				GCC_OPTIMIZATION_LEVEL = 0;
				GCC_PREPROCESSOR_DEFINITIONS = (
					"DEBUG=1",
					"$(inherited)",
				);
				GCC_WARN_64_TO_32_BIT_CONVERSION = YES;
				GCC_WARN_ABOUT_RETURN_TYPE = YES_ERROR;
				GCC_WARN_UNDECLARED_SELECTOR = YES;
				GCC_WARN_UNINITIALIZED_AUTOS = YES_AGGRESSIVE;
				GCC_WARN_UNUSED_FUNCTION = YES;
				GCC_WARN_UNUSED_VARIABLE = YES;
				IPHONEOS_DEPLOYMENT_TARGET = 10.1;
				MTL_ENABLE_DEBUG_INFO = YES;
				ONLY_ACTIVE_ARCH = YES;
				SDKROOT = iphoneos;
				SWIFT_ACTIVE_COMPILATION_CONDITIONS = DEBUG;
				SWIFT_OPTIMIZATION_LEVEL = "-Onone";
				TARGETED_DEVICE_FAMILY = "1,2";
			};
			name = Debug;
		};
		A44544711E3BB292005A22FC /* Release */ = {
			isa = XCBuildConfiguration;
			buildSettings = {
				ALWAYS_SEARCH_USER_PATHS = NO;
				CLANG_ANALYZER_NONNULL = YES;
				CLANG_CXX_LANGUAGE_STANDARD = "gnu++0x";
				CLANG_CXX_LIBRARY = "libc++";
				CLANG_ENABLE_MODULES = YES;
				CLANG_ENABLE_OBJC_ARC = YES;
				CLANG_WARN_BOOL_CONVERSION = YES;
				CLANG_WARN_CONSTANT_CONVERSION = YES;
				CLANG_WARN_DIRECT_OBJC_ISA_USAGE = YES_ERROR;
				CLANG_WARN_DOCUMENTATION_COMMENTS = YES;
				CLANG_WARN_EMPTY_BODY = YES;
				CLANG_WARN_ENUM_CONVERSION = YES;
				CLANG_WARN_INFINITE_RECURSION = YES;
				CLANG_WARN_INT_CONVERSION = YES;
				CLANG_WARN_OBJC_ROOT_CLASS = YES_ERROR;
				CLANG_WARN_SUSPICIOUS_MOVE = YES;
				CLANG_WARN_SUSPICIOUS_MOVES = YES;
				CLANG_WARN_UNREACHABLE_CODE = YES;
				CLANG_WARN__DUPLICATE_METHOD_MATCH = YES;
				CODE_SIGN_IDENTITY = "iPhone Distribution: Elena Rubilova (8U3P4UT4QD)";
				"CODE_SIGN_IDENTITY[sdk=iphoneos*]" = "iPhone Distribution: Elena Rubilova (8U3P4UT4QD)";
				COPY_PHASE_STRIP = NO;
				DEBUG_INFORMATION_FORMAT = "dwarf-with-dsym";
				ENABLE_NS_ASSERTIONS = NO;
				ENABLE_STRICT_OBJC_MSGSEND = YES;
				GCC_C_LANGUAGE_STANDARD = gnu99;
				GCC_NO_COMMON_BLOCKS = YES;
				GCC_WARN_64_TO_32_BIT_CONVERSION = YES;
				GCC_WARN_ABOUT_RETURN_TYPE = YES_ERROR;
				GCC_WARN_UNDECLARED_SELECTOR = YES;
				GCC_WARN_UNINITIALIZED_AUTOS = YES_AGGRESSIVE;
				GCC_WARN_UNUSED_FUNCTION = YES;
				GCC_WARN_UNUSED_VARIABLE = YES;
				IPHONEOS_DEPLOYMENT_TARGET = 10.1;
				MTL_ENABLE_DEBUG_INFO = NO;
				SDKROOT = iphoneos;
				SWIFT_OPTIMIZATION_LEVEL = "-Owholemodule";
				TARGETED_DEVICE_FAMILY = "1,2";
				VALIDATE_PRODUCT = YES;
			};
			name = Release;
		};
		A44544731E3BB292005A22FC /* Debug */ = {
			isa = XCBuildConfiguration;
			baseConfigurationReference = CAE3B203BAB12F81C9545713 /* Pods-Music Box Player.debug.xcconfig */;
			buildSettings = {
				ASSETCATALOG_COMPILER_APPICON_NAME = AppIcon;
				"CODE_SIGN_IDENTITY[sdk=iphoneos*]" = "iPhone Developer";
				DEVELOPMENT_TEAM = "";
				INFOPLIST_FILE = ToddlersMusicBoxPlayer/Info.plist;
				IPHONEOS_DEPLOYMENT_TARGET = 9.0;
				LD_RUNPATH_SEARCH_PATHS = "$(inherited) @executable_path/Frameworks";
				PRODUCT_BUNDLE_IDENTIFIER = com.sunady.ToddlersMusicBoxPlayer;
				PRODUCT_NAME = "$(TARGET_NAME)";
				PROVISIONING_PROFILE = "";
				PROVISIONING_PROFILE_SPECIFIER = "";
				SWIFT_VERSION = 3.0;
			};
			name = Debug;
		};
		A44544741E3BB292005A22FC /* Release */ = {
			isa = XCBuildConfiguration;
			baseConfigurationReference = DB6FAFBF7F9B78EB3975192C /* Pods-Music Box Player.release.xcconfig */;
			buildSettings = {
				ASSETCATALOG_COMPILER_APPICON_NAME = AppIcon;
				"CODE_SIGN_IDENTITY[sdk=iphoneos*]" = "iPhone Developer";
				DEVELOPMENT_TEAM = "";
				INFOPLIST_FILE = ToddlersMusicBoxPlayer/Info.plist;
				IPHONEOS_DEPLOYMENT_TARGET = 9.0;
				LD_RUNPATH_SEARCH_PATHS = "$(inherited) @executable_path/Frameworks";
				PRODUCT_BUNDLE_IDENTIFIER = com.sunady.ToddlersMusicBoxPlayer;
				PRODUCT_NAME = "$(TARGET_NAME)";
				PROVISIONING_PROFILE = "";
				PROVISIONING_PROFILE_SPECIFIER = "";
				SWIFT_VERSION = 3.0;
			};
			name = Release;
		};
/* End XCBuildConfiguration section */

/* Begin XCConfigurationList section */
		A445445B1E3BB292005A22FC /* Build configuration list for PBXProject "Music Box Player" */ = {
			isa = XCConfigurationList;
			buildConfigurations = (
				A44544701E3BB292005A22FC /* Debug */,
				A44544711E3BB292005A22FC /* Release */,
			);
			defaultConfigurationIsVisible = 0;
			defaultConfigurationName = Release;
		};
		A44544721E3BB292005A22FC /* Build configuration list for PBXNativeTarget "Music Box Player" */ = {
			isa = XCConfigurationList;
			buildConfigurations = (
				A44544731E3BB292005A22FC /* Debug */,
				A44544741E3BB292005A22FC /* Release */,
			);
			defaultConfigurationIsVisible = 0;
			defaultConfigurationName = Release;
		};
/* End XCConfigurationList section */

/* Begin XCVersionGroup section */
		A4B99CA81E57ECAF004E4B99 /* ToddlersMusicBoxPlayer.xcdatamodeld */ = {
			isa = XCVersionGroup;
			children = (
				A4B99CA91E57ECAF004E4B99 /* ToddlersMusicBoxPlayer.xcdatamodel */,
			);
			currentVersion = A4B99CA91E57ECAF004E4B99 /* ToddlersMusicBoxPlayer.xcdatamodel */;
			path = ToddlersMusicBoxPlayer.xcdatamodeld;
			sourceTree = "<group>";
			versionGroupType = wrapper.xcdatamodel;
		};
/* End XCVersionGroup section */
	};
	rootObject = A44544581E3BB292005A22FC /* Project object */;
}
